
Microsoft Visual Studio Solution File, Format Version 12.00
# Visual Studio Version 16
VisualStudioVersion = 16.0.29411.108
MinimumVisualStudioVersion = 10.0.40219.1
Project("{FAE04EC0-301F-11D3-BF4B-00C04F79EFBC}") = "ConsoleApp21", "ConsoleApp21\ConsoleApp21.csproj", "{78C66B99-9C95-411A-B597-D092CBA35451}"
EndProject
Global
	GlobalSection(SolutionConfigurationPlatforms) = preSolution
		Debug|Any CPU = Debug|Any CPU
		Release|Any CPU = Release|Any CPU
	EndGlobalSection
	GlobalSection(ProjectConfigurationPlatforms) = postSolution
		{78C66B99-9C95-411A-B597-D092CBA35451}.Debug|Any CPU.ActiveCfg = Debug|Any CPU
		{78C66B99-9C95-411A-B597-D092CBA35451}.Debug|Any CPU.Build.0 = Debug|Any CPU
		{78C66B99-9C95-411A-B597-D092CBA35451}.Release|Any CPU.ActiveCfg = Release|Any CPU
		{78C66B99-9C95-411A-B597-D092CBA35451}.Release|Any CPU.Build.0 = Release|Any CPU
	EndGlobalSection
	GlobalSection(SolutionProperties) = preSolution
		HideSolutionNode = FALSE
	EndGlobalSection
	GlobalSection(ExtensibilityGlobals) = postSolution
		SolutionGuid = {B32F691F-083B-4E42-9074-B0A786138FF5}
	EndGlobalSection
EndGlobal
